{
  "name": "youtube-thumbnail-seeker",
  "version": "0.1.0",
  "lockfileVersion": 1,
  "requires": true,
  "dependencies": {
    "jpeg-js": {
      "version": "0.4.2",
      "resolved": "https://registry.npmjs.org/jpeg-js/-/jpeg-js-0.4.2.tgz",
      "integrity": "sha1-izRbGuSr3mTC2i/mfqIWoRSsJ50="
    },
    "pixelmatch": {
      "version": "5.2.1",
      "resolved": "https://registry.npmjs.org/pixelmatch/-/pixelmatch-5.2.1.tgz",
      "integrity": "sha1-nk5PSqWWSCCKMTEDBqW+1VIrDWU=",
      "requires": {
        "pngjs": "^4.0.1"
      }
    },
    "pngjs": {
      "version": "4.0.1",
      "resolved": "https://registry.npmjs.org/pngjs/-/pngjs-4.0.1.tgz",
      "integrity": "sha1-+AOGm7L8G/4b+Zqk7CHBCBF8/b4="
    },
    "uuid": {
      "version": "8.3.1",
      "resolved": "https://registry.npmjs.org/uuid/-/uuid-8.3.1.tgz",
      "integrity": "sha512-FOmRr+FmWEIG8uhZv6C2bTgEVXsHk08kE7mPlrBbEe+c3r9pjceVPgupIfNIhc4yx55H69OXANrUaSuu9eInKg=="
    }
  }
}
